
Microsoft Visual Studio Solution File, Format Version 12.00
# Visual Studio Version 16
VisualStudioVersion = 16.0.30711.63
MinimumVisualStudioVersion = 10.0.40219.1
Project("{FAE04EC0-301F-11D3-BF4B-00C04F79EFBC}") = "TesteWipro", "TesteWipro\TesteWipro.csproj", "{5AD90A63-1F0B-493D-9811-AA5D5C8CDEDB}"
EndProject
Project("{FAE04EC0-301F-11D3-BF4B-00C04F79EFBC}") = "TesteWipro.Common", "TesteWipro.Common\TesteWipro.Common.csproj", "{2A38A903-3FBA-4A4D-A15E-87DB6F4557E2}"
EndProject
Project("{FAE04EC0-301F-11D3-BF4B-00C04F79EFBC}") = "TesteWipro.Data", "TesteWipro.Data\TesteWipro.Data.csproj", "{186E4C94-1F86-4176-87B9-38F5239310DE}"
EndProject
Project("{FAE04EC0-301F-11D3-BF4B-00C04F79EFBC}") = "TesteWipro.Logic", "TesteWipro.Logic\TesteWipro.Logic.csproj", "{0F9AA7C8-D4F8-4086-AA21-AD4157F2F924}"
EndProject
Project("{FAE04EC0-301F-11D3-BF4B-00C04F79EFBC}") = "TesteWipro.Tests", "TesteWipro.Tests\TesteWipro.Tests.csproj", "{123A9C9B-38D3-4CF1-B841-228FCB849FAE}"
EndProject
Global
	GlobalSection(SolutionConfigurationPlatforms) = preSolution
		Debug|Any CPU = Debug|Any CPU
		Release|Any CPU = Release|Any CPU
	EndGlobalSection
	GlobalSection(ProjectConfigurationPlatforms) = postSolution
		{5AD90A63-1F0B-493D-9811-AA5D5C8CDEDB}.Debug|Any CPU.ActiveCfg = Debug|Any CPU
		{5AD90A63-1F0B-493D-9811-AA5D5C8CDEDB}.Debug|Any CPU.Build.0 = Debug|Any CPU
		{5AD90A63-1F0B-493D-9811-AA5D5C8CDEDB}.Release|Any CPU.ActiveCfg = Release|Any CPU
		{5AD90A63-1F0B-493D-9811-AA5D5C8CDEDB}.Release|Any CPU.Build.0 = Release|Any CPU
		{2A38A903-3FBA-4A4D-A15E-87DB6F4557E2}.Debug|Any CPU.ActiveCfg = Debug|Any CPU
		{2A38A903-3FBA-4A4D-A15E-87DB6F4557E2}.Debug|Any CPU.Build.0 = Debug|Any CPU
		{2A38A903-3FBA-4A4D-A15E-87DB6F4557E2}.Release|Any CPU.ActiveCfg = Release|Any CPU
		{2A38A903-3FBA-4A4D-A15E-87DB6F4557E2}.Release|Any CPU.Build.0 = Release|Any CPU
		{186E4C94-1F86-4176-87B9-38F5239310DE}.Debug|Any CPU.ActiveCfg = Debug|Any CPU
		{186E4C94-1F86-4176-87B9-38F5239310DE}.Debug|Any CPU.Build.0 = Debug|Any CPU
		{186E4C94-1F86-4176-87B9-38F5239310DE}.Release|Any CPU.ActiveCfg = Release|Any CPU
		{186E4C94-1F86-4176-87B9-38F5239310DE}.Release|Any CPU.Build.0 = Release|Any CPU
		{0F9AA7C8-D4F8-4086-AA21-AD4157F2F924}.Debug|Any CPU.ActiveCfg = Debug|Any CPU
		{0F9AA7C8-D4F8-4086-AA21-AD4157F2F924}.Debug|Any CPU.Build.0 = Debug|Any CPU
		{0F9AA7C8-D4F8-4086-AA21-AD4157F2F924}.Release|Any CPU.ActiveCfg = Release|Any CPU
		{0F9AA7C8-D4F8-4086-AA21-AD4157F2F924}.Release|Any CPU.Build.0 = Release|Any CPU
		{123A9C9B-38D3-4CF1-B841-228FCB849FAE}.Debug|Any CPU.ActiveCfg = Debug|Any CPU
		{123A9C9B-38D3-4CF1-B841-228FCB849FAE}.Debug|Any CPU.Build.0 = Debug|Any CPU
		{123A9C9B-38D3-4CF1-B841-228FCB849FAE}.Release|Any CPU.ActiveCfg = Release|Any CPU
		{123A9C9B-38D3-4CF1-B841-228FCB849FAE}.Release|Any CPU.Build.0 = Release|Any CPU
	EndGlobalSection
	GlobalSection(SolutionProperties) = preSolution
		HideSolutionNode = FALSE
	EndGlobalSection
	GlobalSection(ExtensibilityGlobals) = postSolution
		SolutionGuid = {2192D425-B882-4CC9-8007-FBD721BD55FC}
	EndGlobalSection
EndGlobal
